
Microsoft Visual Studio Solution File, Format Version 12.00
# Visual Studio Version 16
VisualStudioVersion = 16.0.30804.86
MinimumVisualStudioVersion = 10.0.40219.1
Project("{9A19103F-16F7-4668-BE54-9A1E7A4F7556}") = "BankApplication", "BankApplication\BankApplication.csproj", "{9DDBF439-05FE-4C20-A7D6-7E05EFAE9A74}"
EndProject
Project("{FAE04EC0-301F-11D3-BF4B-00C04F79EFBC}") = "BankLibrary", "ClassLibrary2\BankLibrary.csproj", "{A970367B-49F3-4B86-A6B1-C91C0C98D93D}"
EndProject
Global
	GlobalSection(SolutionConfigurationPlatforms) = preSolution
		Debug|Any CPU = Debug|Any CPU
		Release|Any CPU = Release|Any CPU
	EndGlobalSection
	GlobalSection(ProjectConfigurationPlatforms) = postSolution
		{9DDBF439-05FE-4C20-A7D6-7E05EFAE9A74}.Debug|Any CPU.ActiveCfg = Debug|Any CPU
		{9DDBF439-05FE-4C20-A7D6-7E05EFAE9A74}.Debug|Any CPU.Build.0 = Debug|Any CPU
		{9DDBF439-05FE-4C20-A7D6-7E05EFAE9A74}.Release|Any CPU.ActiveCfg = Release|Any CPU
		{9DDBF439-05FE-4C20-A7D6-7E05EFAE9A74}.Release|Any CPU.Build.0 = Release|Any CPU
		{A970367B-49F3-4B86-A6B1-C91C0C98D93D}.Debug|Any CPU.ActiveCfg = Debug|Any CPU
		{A970367B-49F3-4B86-A6B1-C91C0C98D93D}.Debug|Any CPU.Build.0 = Debug|Any CPU
		{A970367B-49F3-4B86-A6B1-C91C0C98D93D}.Release|Any CPU.ActiveCfg = Release|Any CPU
		{A970367B-49F3-4B86-A6B1-C91C0C98D93D}.Release|Any CPU.Build.0 = Release|Any CPU
	EndGlobalSection
	GlobalSection(SolutionProperties) = preSolution
		HideSolutionNode = FALSE
	EndGlobalSection
	GlobalSection(ExtensibilityGlobals) = postSolution
		SolutionGuid = {0E656E97-A002-4AC4-B94D-54364B4C2DAD}
	EndGlobalSection
EndGlobal
